# THIS IS AN AUTOGENERATED FILE. DO NOT EDIT THIS FILE DIRECTLY.
# yarn lockfile v1


prettier@^3.5.3:
  version "3.5.3"
  resolved "https://registry.yarnpkg.com/prettier/-/prettier-3.5.3.tgz#4fc2ce0d657e7a02e602549f053b239cb7dfe1b5"
  integrity sha512-QQtaxnoDJeAkDvDKWCLiwIXkTgRhwYDEQCghU9Z6q03iyek/rxRh/2lC3HB7P8sWT2xC/y5JDctPLBIGzHKbhw==

zenn-cli@^0.1.161:
  version "0.1.161"
  resolved "https://registry.yarnpkg.com/zenn-cli/-/zenn-cli-0.1.161.tgz#2a355b3ece36f0f514eb5ca9a3e0e63cae990e3a"
  integrity sha512-PVdw0zj2GwtAaYbrvN/a5C2IHIzRhAu24AYkw16r344O8FYt/29v0pnGNQFKVfZdSZlgcl5HnH7jQWmlOVdXPw==
